
Microsoft Visual Studio Solution File, Format Version 12.00
# Visual Studio Version 17
VisualStudioVersion = 17.5.33516.290
MinimumVisualStudioVersion = 10.0.40219.1
Project("{FAE04EC0-301F-11D3-BF4B-00C04F79EFBC}") = "MoodleExam", "MoodleExam.csproj", "{3CAFE689-B4A7-4E77-9C2E-DC6BFDC1D278}"
EndProject
Global
	GlobalSection(SolutionConfigurationPlatforms) = preSolution
		Debug|Any CPU = Debug|Any CPU
		Release|Any CPU = Release|Any CPU
	EndGlobalSection
	GlobalSection(ProjectConfigurationPlatforms) = postSolution
		{3CAFE689-B4A7-4E77-9C2E-DC6BFDC1D278}.Debug|Any CPU.ActiveCfg = Debug|Any CPU
		{3CAFE689-B4A7-4E77-9C2E-DC6BFDC1D278}.Debug|Any CPU.Build.0 = Debug|Any CPU
		{3CAFE689-B4A7-4E77-9C2E-DC6BFDC1D278}.Release|Any CPU.ActiveCfg = Release|Any CPU
		{3CAFE689-B4A7-4E77-9C2E-DC6BFDC1D278}.Release|Any CPU.Build.0 = Release|Any CPU
	EndGlobalSection
	GlobalSection(SolutionProperties) = preSolution
		HideSolutionNode = FALSE
	EndGlobalSection
	GlobalSection(ExtensibilityGlobals) = postSolution
		SolutionGuid = {600274AA-447F-4D0C-95A3-1E5259AEE2FC}
	EndGlobalSection
EndGlobal
